
Microsoft Visual Studio Solution File, Format Version 12.00
# Visual Studio 2012
Project("{FAE04EC0-301F-11D3-BF4B-00C04F79EFBC}") = "ShortUrl", "ShortUrl\ShortUrl.csproj", "{06866EE3-2012-4E6C-BF95-085B1022D298}"
EndProject
Project("{FAE04EC0-301F-11D3-BF4B-00C04F79EFBC}") = "ShortUrl.Model", "ShortUrl.Model\ShortUrl.Model.csproj", "{8CCC45C7-8F84-4692-B276-51DD46C04690}"
EndProject
Global
	GlobalSection(SolutionConfigurationPlatforms) = preSolution
		Debug|Any CPU = Debug|Any CPU
		Release|Any CPU = Release|Any CPU
	EndGlobalSection
	GlobalSection(ProjectConfigurationPlatforms) = postSolution
		{06866EE3-2012-4E6C-BF95-085B1022D298}.Debug|Any CPU.ActiveCfg = Debug|Any CPU
		{06866EE3-2012-4E6C-BF95-085B1022D298}.Debug|Any CPU.Build.0 = Debug|Any CPU
		{06866EE3-2012-4E6C-BF95-085B1022D298}.Release|Any CPU.ActiveCfg = Release|Any CPU
		{06866EE3-2012-4E6C-BF95-085B1022D298}.Release|Any CPU.Build.0 = Release|Any CPU
		{8CCC45C7-8F84-4692-B276-51DD46C04690}.Debug|Any CPU.ActiveCfg = Debug|Any CPU
		{8CCC45C7-8F84-4692-B276-51DD46C04690}.Debug|Any CPU.Build.0 = Debug|Any CPU
		{8CCC45C7-8F84-4692-B276-51DD46C04690}.Release|Any CPU.ActiveCfg = Release|Any CPU
		{8CCC45C7-8F84-4692-B276-51DD46C04690}.Release|Any CPU.Build.0 = Release|Any CPU
	EndGlobalSection
	GlobalSection(SolutionProperties) = preSolution
		HideSolutionNode = FALSE
	EndGlobalSection
EndGlobal
